
Microsoft Visual Studio Solution File, Format Version 12.00
# Visual Studio 15
VisualStudioVersion = 15.0.27004.2009
MinimumVisualStudioVersion = 10.0.40219.1
Project("{D954291E-2A0B-460D-934E-DC6B0785DB48}") = "App2", "App2\App2\App2.shproj", "{C8F99A89-9119-4C98-A153-5DA44704DBC8}"
EndProject
Project("{FAE04EC0-301F-11D3-BF4B-00C04F79EFBC}") = "App2.Android", "App2\App2.Android\App2.Android.csproj", "{B3585B00-AF5D-48B8-970F-FC3AFDB43CEE}"
EndProject
Project("{FAE04EC0-301F-11D3-BF4B-00C04F79EFBC}") = "App2.iOS", "App2\App2.iOS\App2.iOS.csproj", "{2E92C5A8-D489-43BD-872D-83EF6D52E854}"
EndProject
Project("{FAE04EC0-301F-11D3-BF4B-00C04F79EFBC}") = "App2.UWP", "App2\App2.UWP\App2.UWP.csproj", "{5DF91CFF-28D2-483C-9ACC-87B392C5235D}"
EndProject
Global
	GlobalSection(SharedMSBuildProjectFiles) = preSolution
		App2\App2\App2.projitems*{2e92c5a8-d489-43bd-872d-83ef6d52e854}*SharedItemsImports = 4
		App2\App2\App2.projitems*{5df91cff-28d2-483c-9acc-87b392c5235d}*SharedItemsImports = 4
		App2\App2\App2.projitems*{b3585b00-af5d-48b8-970f-fc3afdb43cee}*SharedItemsImports = 4
		App2\App2\App2.projitems*{c8f99a89-9119-4c98-a153-5da44704dbc8}*SharedItemsImports = 13
	EndGlobalSection
	GlobalSection(SolutionConfigurationPlatforms) = preSolution
		Ad-Hoc|Any CPU = Ad-Hoc|Any CPU
		Ad-Hoc|ARM = Ad-Hoc|ARM
		Ad-Hoc|iPhone = Ad-Hoc|iPhone
		Ad-Hoc|iPhoneSimulator = Ad-Hoc|iPhoneSimulator
		Ad-Hoc|x64 = Ad-Hoc|x64
		Ad-Hoc|x86 = Ad-Hoc|x86
		AppStore|Any CPU = AppStore|Any CPU
		AppStore|ARM = AppStore|ARM
		AppStore|iPhone = AppStore|iPhone
		AppStore|iPhoneSimulator = AppStore|iPhoneSimulator
		AppStore|x64 = AppStore|x64
		AppStore|x86 = AppStore|x86
		Debug|Any CPU = Debug|Any CPU
		Debug|ARM = Debug|ARM
		Debug|iPhone = Debug|iPhone
		Debug|iPhoneSimulator = Debug|iPhoneSimulator
		Debug|x64 = Debug|x64
		Debug|x86 = Debug|x86
		Release|Any CPU = Release|Any CPU
		Release|ARM = Release|ARM
		Release|iPhone = Release|iPhone
		Release|iPhoneSimulator = Release|iPhoneSimulator
		Release|x64 = Release|x64
		Release|x86 = Release|x86
	EndGlobalSection
	GlobalSection(ProjectConfigurationPlatforms) = postSolution
		{B3585B00-AF5D-48B8-970F-FC3AFDB43CEE}.Ad-Hoc|Any CPU.ActiveCfg = Release|Any CPU
		{B3585B00-AF5D-48B8-970F-FC3AFDB43CEE}.Ad-Hoc|Any CPU.Build.0 = Release|Any CPU
		{B3585B00-AF5D-48B8-970F-FC3AFDB43CEE}.Ad-Hoc|Any CPU.Deploy.0 = Release|Any CPU
		{B3585B00-AF5D-48B8-970F-FC3AFDB43CEE}.Ad-Hoc|ARM.ActiveCfg = Release|Any CPU
		{B3585B00-AF5D-48B8-970F-FC3AFDB43CEE}.Ad-Hoc|ARM.Build.0 = Release|Any CPU
		{B3585B00-AF5D-48B8-970F-FC3AFDB43CEE}.Ad-Hoc|ARM.Deploy.0 = Release|Any CPU
		{B3585B00-AF5D-48B8-970F-FC3AFDB43CEE}.Ad-Hoc|iPhone.ActiveCfg = Release|Any CPU
		{B3585B00-AF5D-48B8-970F-FC3AFDB43CEE}.Ad-Hoc|iPhone.Build.0 = Release|Any CPU
		{B3585B00-AF5D-48B8-970F-FC3AFDB43CEE}.Ad-Hoc|iPhone.Deploy.0 = Release|Any CPU
		{B3585B00-AF5D-48B8-970F-FC3AFDB43CEE}.Ad-Hoc|iPhoneSimulator.ActiveCfg = Release|Any CPU
		{B3585B00-AF5D-48B8-970F-FC3AFDB43CEE}.Ad-Hoc|iPhoneSimulator.Build.0 = Release|Any CPU
		{B3585B00-AF5D-48B8-970F-FC3AFDB43CEE}.Ad-Hoc|iPhoneSimulator.Deploy.0 = Release|Any CPU
		{B3585B00-AF5D-48B8-970F-FC3AFDB43CEE}.Ad-Hoc|x64.ActiveCfg = Release|Any CPU
		{B3585B00-AF5D-48B8-970F-FC3AFDB43CEE}.Ad-Hoc|x64.Build.0 = Release|Any CPU
		{B3585B00-AF5D-48B8-970F-FC3AFDB43CEE}.Ad-Hoc|x64.Deploy.0 = Release|Any CPU
		{B3585B00-AF5D-48B8-970F-FC3AFDB43CEE}.Ad-Hoc|x86.ActiveCfg = Release|Any CPU
		{B3585B00-AF5D-48B8-970F-FC3AFDB43CEE}.Ad-Hoc|x86.Build.0 = Release|Any CPU
		{B3585B00-AF5D-48B8-970F-FC3AFDB43CEE}.Ad-Hoc|x86.Deploy.0 = Release|Any CPU
		{B3585B00-AF5D-48B8-970F-FC3AFDB43CEE}.AppStore|Any CPU.ActiveCfg = Release|Any CPU
		{B3585B00-AF5D-48B8-970F-FC3AFDB43CEE}.AppStore|Any CPU.Build.0 = Release|Any CPU
		{B3585B00-AF5D-48B8-970F-FC3AFDB43CEE}.AppStore|Any CPU.Deploy.0 = Release|Any CPU
		{B3585B00-AF5D-48B8-970F-FC3AFDB43CEE}.AppStore|ARM.ActiveCfg = Release|Any CPU
		{B3585B00-AF5D-48B8-970F-FC3AFDB43CEE}.AppStore|ARM.Build.0 = Release|Any CPU
		{B3585B00-AF5D-48B8-970F-FC3AFDB43CEE}.AppStore|ARM.Deploy.0 = Release|Any CPU
		{B3585B00-AF5D-48B8-970F-FC3AFDB43CEE}.AppStore|iPhone.ActiveCfg = Release|Any CPU
		{B3585B00-AF5D-48B8-970F-FC3AFDB43CEE}.AppStore|iPhone.Build.0 = Release|Any CPU
		{B3585B00-AF5D-48B8-970F-FC3AFDB43CEE}.AppStore|iPhone.Deploy.0 = Release|Any CPU
		{B3585B00-AF5D-48B8-970F-FC3AFDB43CEE}.AppStore|iPhoneSimulator.ActiveCfg = Release|Any CPU
		{B3585B00-AF5D-48B8-970F-FC3AFDB43CEE}.AppStore|iPhoneSimulator.Build.0 = Release|Any CPU
		{B3585B00-AF5D-48B8-970F-FC3AFDB43CEE}.AppStore|iPhoneSimulator.Deploy.0 = Release|Any CPU
		{B3585B00-AF5D-48B8-970F-FC3AFDB43CEE}.AppStore|x64.ActiveCfg = Release|Any CPU
		{B3585B00-AF5D-48B8-970F-FC3AFDB43CEE}.AppStore|x64.Build.0 = Release|Any CPU
		{B3585B00-AF5D-48B8-970F-FC3AFDB43CEE}.AppStore|x64.Deploy.0 = Release|Any CPU
		{B3585B00-AF5D-48B8-970F-FC3AFDB43CEE}.AppStore|x86.ActiveCfg = Release|Any CPU
		{B3585B00-AF5D-48B8-970F-FC3AFDB43CEE}.AppStore|x86.Build.0 = Release|Any CPU
		{B3585B00-AF5D-48B8-970F-FC3AFDB43CEE}.AppStore|x86.Deploy.0 = Release|Any CPU
		{B3585B00-AF5D-48B8-970F-FC3AFDB43CEE}.Debug|Any CPU.ActiveCfg = Debug|Any CPU
		{B3585B00-AF5D-48B8-970F-FC3AFDB43CEE}.Debug|Any CPU.Build.0 = Debug|Any CPU
		{B3585B00-AF5D-48B8-970F-FC3AFDB43CEE}.Debug|Any CPU.Deploy.0 = Debug|Any CPU
		{B3585B00-AF5D-48B8-970F-FC3AFDB43CEE}.Debug|ARM.ActiveCfg = Debug|Any CPU
		{B3585B00-AF5D-48B8-970F-FC3AFDB43CEE}.Debug|ARM.Build.0 = Debug|Any CPU
		{B3585B00-AF5D-48B8-970F-FC3AFDB43CEE}.Debug|ARM.Deploy.0 = Debug|Any CPU
		{B3585B00-AF5D-48B8-970F-FC3AFDB43CEE}.Debug|iPhone.ActiveCfg = Debug|Any CPU
		{B3585B00-AF5D-48B8-970F-FC3AFDB43CEE}.Debug|iPhone.Build.0 = Debug|Any CPU
		{B3585B00-AF5D-48B8-970F-FC3AFDB43CEE}.Debug|iPhone.Deploy.0 = Debug|Any CPU
		{B3585B00-AF5D-48B8-970F-FC3AFDB43CEE}.Debug|iPhoneSimulator.ActiveCfg = Debug|Any CPU
		{B3585B00-AF5D-48B8-970F-FC3AFDB43CEE}.Debug|iPhoneSimulator.Build.0 = Debug|Any CPU
		{B3585B00-AF5D-48B8-970F-FC3AFDB43CEE}.Debug|iPhoneSimulator.Deploy.0 = Debug|Any CPU
		{B3585B00-AF5D-48B8-970F-FC3AFDB43CEE}.Debug|x64.ActiveCfg = Debug|Any CPU
		{B3585B00-AF5D-48B8-970F-FC3AFDB43CEE}.Debug|x64.Build.0 = Debug|Any CPU
		{B3585B00-AF5D-48B8-970F-FC3AFDB43CEE}.Debug|x64.Deploy.0 = Debug|Any CPU
		{B3585B00-AF5D-48B8-970F-FC3AFDB43CEE}.Debug|x86.ActiveCfg = Debug|Any CPU
		{B3585B00-AF5D-48B8-970F-FC3AFDB43CEE}.Debug|x86.Build.0 = Debug|Any CPU
		{B3585B00-AF5D-48B8-970F-FC3AFDB43CEE}.Debug|x86.Deploy.0 = Debug|Any CPU
		{B3585B00-AF5D-48B8-970F-FC3AFDB43CEE}.Release|Any CPU.ActiveCfg = Release|Any CPU
		{B3585B00-AF5D-48B8-970F-FC3AFDB43CEE}.Release|Any CPU.Build.0 = Release|Any CPU
		{B3585B00-AF5D-48B8-970F-FC3AFDB43CEE}.Release|Any CPU.Deploy.0 = Release|Any CPU
		{B3585B00-AF5D-48B8-970F-FC3AFDB43CEE}.Release|ARM.ActiveCfg = Release|Any CPU
		{B3585B00-AF5D-48B8-970F-FC3AFDB43CEE}.Release|ARM.Build.0 = Release|Any CPU
		{B3585B00-AF5D-48B8-970F-FC3AFDB43CEE}.Release|ARM.Deploy.0 = Release|Any CPU
		{B3585B00-AF5D-48B8-970F-FC3AFDB43CEE}.Release|iPhone.ActiveCfg = Release|Any CPU
		{B3585B00-AF5D-48B8-970F-FC3AFDB43CEE}.Release|iPhone.Build.0 = Release|Any CPU
		{B3585B00-AF5D-48B8-970F-FC3AFDB43CEE}.Release|iPhone.Deploy.0 = Release|Any CPU
		{B3585B00-AF5D-48B8-970F-FC3AFDB43CEE}.Release|iPhoneSimulator.ActiveCfg = Release|Any CPU
		{B3585B00-AF5D-48B8-970F-FC3AFDB43CEE}.Release|iPhoneSimulator.Build.0 = Release|Any CPU
		{B3585B00-AF5D-48B8-970F-FC3AFDB43CEE}.Release|iPhoneSimulator.Deploy.0 = Release|Any CPU
		{B3585B00-AF5D-48B8-970F-FC3AFDB43CEE}.Release|x64.ActiveCfg = Release|Any CPU
		{B3585B00-AF5D-48B8-970F-FC3AFDB43CEE}.Release|x64.Build.0 = Release|Any CPU
		{B3585B00-AF5D-48B8-970F-FC3AFDB43CEE}.Release|x64.Deploy.0 = Release|Any CPU
		{B3585B00-AF5D-48B8-970F-FC3AFDB43CEE}.Release|x86.ActiveCfg = Release|Any CPU
		{B3585B00-AF5D-48B8-970F-FC3AFDB43CEE}.Release|x86.Build.0 = Release|Any CPU
		{B3585B00-AF5D-48B8-970F-FC3AFDB43CEE}.Release|x86.Deploy.0 = Release|Any CPU
		{2E92C5A8-D489-43BD-872D-83EF6D52E854}.Ad-Hoc|Any CPU.ActiveCfg = Ad-Hoc|iPhoneSimulator
		{2E92C5A8-D489-43BD-872D-83EF6D52E854}.Ad-Hoc|ARM.ActiveCfg = Ad-Hoc|iPhone
		{2E92C5A8-D489-43BD-872D-83EF6D52E854}.Ad-Hoc|iPhone.ActiveCfg = Ad-Hoc|iPhone
		{2E92C5A8-D489-43BD-872D-83EF6D52E854}.Ad-Hoc|iPhone.Build.0 = Ad-Hoc|iPhone
		{2E92C5A8-D489-43BD-872D-83EF6D52E854}.Ad-Hoc|iPhoneSimulator.ActiveCfg = Ad-Hoc|iPhoneSimulator
		{2E92C5A8-D489-43BD-872D-83EF6D52E854}.Ad-Hoc|iPhoneSimulator.Build.0 = Ad-Hoc|iPhoneSimulator
		{2E92C5A8-D489-43BD-872D-83EF6D52E854}.Ad-Hoc|x64.ActiveCfg = Ad-Hoc|iPhone
		{2E92C5A8-D489-43BD-872D-83EF6D52E854}.Ad-Hoc|x86.ActiveCfg = Ad-Hoc|iPhone
		{2E92C5A8-D489-43BD-872D-83EF6D52E854}.AppStore|Any CPU.ActiveCfg = AppStore|iPhoneSimulator
		{2E92C5A8-D489-43BD-872D-83EF6D52E854}.AppStore|ARM.ActiveCfg = AppStore|iPhone
		{2E92C5A8-D489-43BD-872D-83EF6D52E854}.AppStore|iPhone.ActiveCfg = AppStore|iPhone
		{2E92C5A8-D489-43BD-872D-83EF6D52E854}.AppStore|iPhone.Build.0 = AppStore|iPhone
		{2E92C5A8-D489-43BD-872D-83EF6D52E854}.AppStore|iPhoneSimulator.ActiveCfg = AppStore|iPhoneSimulator
		{2E92C5A8-D489-43BD-872D-83EF6D52E854}.AppStore|iPhoneSimulator.Build.0 = AppStore|iPhoneSimulator
		{2E92C5A8-D489-43BD-872D-83EF6D52E854}.AppStore|x64.ActiveCfg = AppStore|iPhone
		{2E92C5A8-D489-43BD-872D-83EF6D52E854}.AppStore|x86.ActiveCfg = AppStore|iPhone
		{2E92C5A8-D489-43BD-872D-83EF6D52E854}.Debug|Any CPU.ActiveCfg = Debug|iPhoneSimulator
		{2E92C5A8-D489-43BD-872D-83EF6D52E854}.Debug|ARM.ActiveCfg = Debug|iPhone
		{2E92C5A8-D489-43BD-872D-83EF6D52E854}.Debug|iPhone.ActiveCfg = Debug|iPhone
		{2E92C5A8-D489-43BD-872D-83EF6D52E854}.Debug|iPhone.Build.0 = Debug|iPhone
		{2E92C5A8-D489-43BD-872D-83EF6D52E854}.Debug|iPhoneSimulator.ActiveCfg = Debug|iPhoneSimulator
		{2E92C5A8-D489-43BD-872D-83EF6D52E854}.Debug|iPhoneSimulator.Build.0 = Debug|iPhoneSimulator
		{2E92C5A8-D489-43BD-872D-83EF6D52E854}.Debug|x64.ActiveCfg = Debug|iPhone
		{2E92C5A8-D489-43BD-872D-83EF6D52E854}.Debug|x86.ActiveCfg = Debug|iPhone
		{2E92C5A8-D489-43BD-872D-83EF6D52E854}.Release|Any CPU.ActiveCfg = Release|iPhoneSimulator
		{2E92C5A8-D489-43BD-872D-83EF6D52E854}.Release|ARM.ActiveCfg = Release|iPhone
		{2E92C5A8-D489-43BD-872D-83EF6D52E854}.Release|iPhone.ActiveCfg = Release|iPhone
		{2E92C5A8-D489-43BD-872D-83EF6D52E854}.Release|iPhone.Build.0 = Release|iPhone
		{2E92C5A8-D489-43BD-872D-83EF6D52E854}.Release|iPhoneSimulator.ActiveCfg = Release|iPhoneSimulator
		{2E92C5A8-D489-43BD-872D-83EF6D52E854}.Release|iPhoneSimulator.Build.0 = Release|iPhoneSimulator
		{2E92C5A8-D489-43BD-872D-83EF6D52E854}.Release|x64.ActiveCfg = Release|iPhone
		{2E92C5A8-D489-43BD-872D-83EF6D52E854}.Release|x86.ActiveCfg = Release|iPhone
		{5DF91CFF-28D2-483C-9ACC-87B392C5235D}.Ad-Hoc|Any CPU.ActiveCfg = Release|x86
		{5DF91CFF-28D2-483C-9ACC-87B392C5235D}.Ad-Hoc|Any CPU.Build.0 = Release|x86
		{5DF91CFF-28D2-483C-9ACC-87B392C5235D}.Ad-Hoc|Any CPU.Deploy.0 = Release|x86
		{5DF91CFF-28D2-483C-9ACC-87B392C5235D}.Ad-Hoc|ARM.ActiveCfg = Release|ARM
		{5DF91CFF-28D2-483C-9ACC-87B392C5235D}.Ad-Hoc|ARM.Build.0 = Release|ARM
		{5DF91CFF-28D2-483C-9ACC-87B392C5235D}.Ad-Hoc|ARM.Deploy.0 = Release|ARM
		{5DF91CFF-28D2-483C-9ACC-87B392C5235D}.Ad-Hoc|iPhone.ActiveCfg = Release|x86
		{5DF91CFF-28D2-483C-9ACC-87B392C5235D}.Ad-Hoc|iPhone.Build.0 = Release|x86
		{5DF91CFF-28D2-483C-9ACC-87B392C5235D}.Ad-Hoc|iPhone.Deploy.0 = Release|x86
		{5DF91CFF-28D2-483C-9ACC-87B392C5235D}.Ad-Hoc|iPhoneSimulator.ActiveCfg = Release|x86
		{5DF91CFF-28D2-483C-9ACC-87B392C5235D}.Ad-Hoc|iPhoneSimulator.Build.0 = Release|x86
		{5DF91CFF-28D2-483C-9ACC-87B392C5235D}.Ad-Hoc|iPhoneSimulator.Deploy.0 = Release|x86
		{5DF91CFF-28D2-483C-9ACC-87B392C5235D}.Ad-Hoc|x64.ActiveCfg = Release|x64
		{5DF91CFF-28D2-483C-9ACC-87B392C5235D}.Ad-Hoc|x64.Build.0 = Release|x64
		{5DF91CFF-28D2-483C-9ACC-87B392C5235D}.Ad-Hoc|x64.Deploy.0 = Release|x64
		{5DF91CFF-28D2-483C-9ACC-87B392C5235D}.Ad-Hoc|x86.ActiveCfg = Release|x86
		{5DF91CFF-28D2-483C-9ACC-87B392C5235D}.Ad-Hoc|x86.Build.0 = Release|x86
		{5DF91CFF-28D2-483C-9ACC-87B392C5235D}.Ad-Hoc|x86.Deploy.0 = Release|x86
		{5DF91CFF-28D2-483C-9ACC-87B392C5235D}.AppStore|Any CPU.ActiveCfg = Release|x86
		{5DF91CFF-28D2-483C-9ACC-87B392C5235D}.AppStore|Any CPU.Build.0 = Release|x86
		{5DF91CFF-28D2-483C-9ACC-87B392C5235D}.AppStore|Any CPU.Deploy.0 = Release|x86
		{5DF91CFF-28D2-483C-9ACC-87B392C5235D}.AppStore|ARM.ActiveCfg = Release|ARM
		{5DF91CFF-28D2-483C-9ACC-87B392C5235D}.AppStore|ARM.Build.0 = Release|ARM
		{5DF91CFF-28D2-483C-9ACC-87B392C5235D}.AppStore|ARM.Deploy.0 = Release|ARM
		{5DF91CFF-28D2-483C-9ACC-87B392C5235D}.AppStore|iPhone.ActiveCfg = Release|x86
		{5DF91CFF-28D2-483C-9ACC-87B392C5235D}.AppStore|iPhone.Build.0 = Release|x86
		{5DF91CFF-28D2-483C-9ACC-87B392C5235D}.AppStore|iPhone.Deploy.0 = Release|x86
		{5DF91CFF-28D2-483C-9ACC-87B392C5235D}.AppStore|iPhoneSimulator.ActiveCfg = Release|x86
		{5DF91CFF-28D2-483C-9ACC-87B392C5235D}.AppStore|iPhoneSimulator.Build.0 = Release|x86
		{5DF91CFF-28D2-483C-9ACC-87B392C5235D}.AppStore|iPhoneSimulator.Deploy.0 = Release|x86
		{5DF91CFF-28D2-483C-9ACC-87B392C5235D}.AppStore|x64.ActiveCfg = Release|x64
		{5DF91CFF-28D2-483C-9ACC-87B392C5235D}.AppStore|x64.Build.0 = Release|x64
		{5DF91CFF-28D2-483C-9ACC-87B392C5235D}.AppStore|x64.Deploy.0 = Release|x64
		{5DF91CFF-28D2-483C-9ACC-87B392C5235D}.AppStore|x86.ActiveCfg = Release|x86
		{5DF91CFF-28D2-483C-9ACC-87B392C5235D}.AppStore|x86.Build.0 = Release|x86
		{5DF91CFF-28D2-483C-9ACC-87B392C5235D}.AppStore|x86.Deploy.0 = Release|x86
		{5DF91CFF-28D2-483C-9ACC-87B392C5235D}.Debug|Any CPU.ActiveCfg = Debug|x86
		{5DF91CFF-28D2-483C-9ACC-87B392C5235D}.Debug|ARM.ActiveCfg = Debug|ARM
		{5DF91CFF-28D2-483C-9ACC-87B392C5235D}.Debug|ARM.Build.0 = Debug|ARM
		{5DF91CFF-28D2-483C-9ACC-87B392C5235D}.Debug|ARM.Deploy.0 = Debug|ARM
		{5DF91CFF-28D2-483C-9ACC-87B392C5235D}.Debug|iPhone.ActiveCfg = Debug|x86
		{5DF91CFF-28D2-483C-9ACC-87B392C5235D}.Debug|iPhoneSimulator.ActiveCfg = Debug|x86
		{5DF91CFF-28D2-483C-9ACC-87B392C5235D}.Debug|x64.ActiveCfg = Debug|x64
		{5DF91CFF-28D2-483C-9ACC-87B392C5235D}.Debug|x64.Build.0 = Debug|x64
		{5DF91CFF-28D2-483C-9ACC-87B392C5235D}.Debug|x64.Deploy.0 = Debug|x64
		{5DF91CFF-28D2-483C-9ACC-87B392C5235D}.Debug|x86.ActiveCfg = Debug|x86
		{5DF91CFF-28D2-483C-9ACC-87B392C5235D}.Debug|x86.Build.0 = Debug|x86
		{5DF91CFF-28D2-483C-9ACC-87B392C5235D}.Debug|x86.Deploy.0 = Debug|x86
		{5DF91CFF-28D2-483C-9ACC-87B392C5235D}.Release|Any CPU.ActiveCfg = Release|x86
		{5DF91CFF-28D2-483C-9ACC-87B392C5235D}.Release|ARM.ActiveCfg = Release|ARM
		{5DF91CFF-28D2-483C-9ACC-87B392C5235D}.Release|ARM.Build.0 = Release|ARM
		{5DF91CFF-28D2-483C-9ACC-87B392C5235D}.Release|ARM.Deploy.0 = Release|ARM
		{5DF91CFF-28D2-483C-9ACC-87B392C5235D}.Release|iPhone.ActiveCfg = Release|x86
		{5DF91CFF-28D2-483C-9ACC-87B392C5235D}.Release|iPhoneSimulator.ActiveCfg = Release|x86
		{5DF91CFF-28D2-483C-9ACC-87B392C5235D}.Release|x64.ActiveCfg = Release|x64
		{5DF91CFF-28D2-483C-9ACC-87B392C5235D}.Release|x64.Build.0 = Release|x64
		{5DF91CFF-28D2-483C-9ACC-87B392C5235D}.Release|x64.Deploy.0 = Release|x64
		{5DF91CFF-28D2-483C-9ACC-87B392C5235D}.Release|x86.ActiveCfg = Release|x86
		{5DF91CFF-28D2-483C-9ACC-87B392C5235D}.Release|x86.Build.0 = Release|x86
		{5DF91CFF-28D2-483C-9ACC-87B392C5235D}.Release|x86.Deploy.0 = Release|x86
	EndGlobalSection
	GlobalSection(SolutionProperties) = preSolution
		HideSolutionNode = FALSE
	EndGlobalSection
	GlobalSection(ExtensibilityGlobals) = postSolution
		SolutionGuid = {F0C09B09-3B25-48F6-939E-83168573AC1C}
	EndGlobalSection
EndGlobal
